Microsoft Visual Studio Solution File, Format Version 12.00
# Visual Studio Version 17
VisualStudioVersion = 17.12.35209.166
MinimumVisualStudioVersion = 10.0.40219.1
Project("{FAE04EC0-301F-11D3-BF4B-00C04F79EFBC}") = "LabWork8Algorithms", "LabWork8Algorithms\LabWork8Algorithms.csproj", "{0FD57685-27BE-475E-AD1D-26BC6B9BE079}"
EndProject
Global
	GlobalSection(SolutionConfigurationPlatforms) = preSolution
		Debug|Any CPU = Debug|Any CPU
		Release|Any CPU = Release|Any CPU
	EndGlobalSection
	GlobalSection(ProjectConfigurationPlatforms) = postSolution
		{0FD57685-27BE-475E-AD1D-26BC6B9BE079}.Debug|Any CPU.ActiveCfg = Debug|Any CPU
		{0FD57685-27BE-475E-AD1D-26BC6B9BE079}.Debug|Any CPU.Build.0 = Debug|Any CPU
		{0FD57685-27BE-475E-AD1D-26BC6B9BE079}.Release|Any CPU.ActiveCfg = Release|Any CPU
		{0FD57685-27BE-475E-AD1D-26BC6B9BE079}.Release|Any CPU.Build.0 = Release|Any CPU
	EndGlobalSection
	GlobalSection(SolutionProperties) = preSolution
		HideSolutionNode = FALSE
	EndGlobalSection
	GlobalSection(ExtensibilityGlobals) = postSolution
		SolutionGuid = {08183C6B-9769-459F-BD6B-0BB72377C413}
	EndGlobalSection
EndGlobal
